
Microsoft Visual Studio Solution File, Format Version 12.00
# Visual Studio Version 17
VisualStudioVersion = 17.0.31903.59
MinimumVisualStudioVersion = 10.0.40219.1
Project("{FAE04EC0-301F-11D3-BF4B-00C04F79EFBC}") = "TECH901HELLO", "TECH901HELLO\TECH901HELLO.csproj", "{420725E3-3D02-4A87-B1C9-36C8DC799F51}"
EndProject
Project("{FAE04EC0-301F-11D3-BF4B-00C04F79EFBC}") = "Mario", "..\Mario\Mario.csproj", "{F5095084-D6DE-4AA4-9CBB-CDB99636AEA7}"
EndProject
Global
	GlobalSection(SolutionConfigurationPlatforms) = preSolution
		Debug|Any CPU = Debug|Any CPU
		Release|Any CPU = Release|Any CPU
	EndGlobalSection
	GlobalSection(SolutionProperties) = preSolution
		HideSolutionNode = FALSE
	EndGlobalSection
	GlobalSection(ProjectConfigurationPlatforms) = postSolution
		{420725E3-3D02-4A87-B1C9-36C8DC799F51}.Debug|Any CPU.ActiveCfg = Debug|Any CPU
		{420725E3-3D02-4A87-B1C9-36C8DC799F51}.Debug|Any CPU.Build.0 = Debug|Any CPU
		{420725E3-3D02-4A87-B1C9-36C8DC799F51}.Release|Any CPU.ActiveCfg = Release|Any CPU
		{420725E3-3D02-4A87-B1C9-36C8DC799F51}.Release|Any CPU.Build.0 = Release|Any CPU
		{F5095084-D6DE-4AA4-9CBB-CDB99636AEA7}.Debug|Any CPU.ActiveCfg = Debug|Any CPU
		{F5095084-D6DE-4AA4-9CBB-CDB99636AEA7}.Debug|Any CPU.Build.0 = Debug|Any CPU
		{F5095084-D6DE-4AA4-9CBB-CDB99636AEA7}.Release|Any CPU.ActiveCfg = Release|Any CPU
		{F5095084-D6DE-4AA4-9CBB-CDB99636AEA7}.Release|Any CPU.Build.0 = Release|Any CPU
	EndGlobalSection
EndGlobal
